{
  "version": 1,
  "dependencies": {
    "net10.0": {
      "Amazon.CDK.Lib": {
        "type": "Direct",
        "requested": "[2.235.0, )",
        "resolved": "2.235.0",
        "contentHash": "RdwmO8HZK78O8qppNAA87nvtxP6W2UJb803HggsQ2JLyUPUC6nXjT95YJ7L+rcOPoMbkHSgWaq9oFHvn7k2FmA==",
        "dependencies": {
          "Amazon.CDK.Asset.AwsCliV1": "[2.2.261]",
          "Amazon.CDK.Asset.NodeProxyAgentV6": "[2.1.0, 3.0.0)",
          "Amazon.CDK.CloudAssembly.Schema": "[48.20.0, 49.0.0)",
          "Amazon.JSII.Runtime": "[1.125.0, 2.0.0)",
          "Constructs": "[10.0.0, 11.0.0)"
        }
      },
      "Constructs": {
        "type": "Direct",
        "requested": "[10.0.0, 11.0.0)",
        "resolved": "10.0.0",
        "contentHash": "mNe6jwWV5hkMtxMVgSvHOYwtCL3WM9u0+jNCKof8roI8to+wMBlXNdqv+syakanH7fKQvuLpWr3X8RRuhpPVNg==",
        "dependencies": {
          "Amazon.JSII.Runtime": "[1.26.0, 2.0.0)"
        }
      },
      "Microsoft.CodeAnalysis.BannedApiAnalyzers": {
        "type": "Direct",
        "requested": "[3.3.4, )",
        "resolved": "3.3.4",
        "contentHash": "0k2Jwpc8eq0hjOtX6TxRkHm9clkJ2PAQ3heEHgqIJZcsfdFosC/iyz18nsgTVDDWpID80rC7aiYK7ripx+Qndg=="
      },
      "Amazon.CDK.Asset.AwsCliV1": {
        "type": "Transitive",
        "resolved": "2.2.261",
        "contentHash": "564odwQTzKlykba4YqXcQoemvQghjmmhhGEBOhCF0Q85YPPUVIOTR55nyvZNRoE0wn8EfXQXpk5j3yUFmTQ5ww==",
        "dependencies": {
          "Amazon.JSII.Runtime": "[1.125.0, 2.0.0)"
        }
      },
      "Amazon.CDK.Asset.NodeProxyAgentV6": {
        "type": "Transitive",
        "resolved": "2.1.0",
        "contentHash": "t98TzqXewTtK4inteeSs8LNFUiKjyVN/Ug0jROx/KefRtNHM7pjLhxJ1pht1Pp/RtSPFK8qSzS092ZRRwyUqmg==",
        "dependencies": {
          "Amazon.JSII.Runtime": "[1.103.1, 2.0.0)"
        }
      },
      "Amazon.CDK.CloudAssembly.Schema": {
        "type": "Transitive",
        "resolved": "48.20.0",
        "contentHash": "c1Rp690Amef9TFiycwe7N0RhgtxI4EJdUgROdWvmQMoUaBYgnJCmPq9M4eLqombMWQVt93caOAzXNpvKdeQGEg==",
        "dependencies": {
          "Amazon.JSII.Runtime": "[1.118.0, 2.0.0)"
        }
      },
      "Amazon.Extensions.Configuration.SystemsManager": {
        "type": "Transitive",
        "resolved": "7.1.0",
        "contentHash": "2mJlP10FIYs2IRXKqKvx8zpQv16Yth8tf7iD0L68LZaOwDhs4RNf61Wmw/6pMejYSmRNAj4jhPHSdHZs2/ppSw==",
        "dependencies": {
          "AWSSDK.AppConfigData": "4.0.2.14",
          "AWSSDK.Extensions.NETCore.Setup": "4.0.3.21",
          "AWSSDK.SimpleSystemsManagement": "4.0.6.11",
          "Microsoft.Extensions.Configuration": "2.0.2"
        }
      },
      "Amazon.JSII.Runtime": {
        "type": "Transitive",
        "resolved": "1.125.0",
        "contentHash": "fHogcuwIW2oXleI8kAfyS3XSNN4ZxZpzT9O96chPAtYhArnBqhXvTAVbj9dsPvFguuYP8FVDJJy+pxQDMva95g==",
        "dependencies": {
          "Microsoft.Extensions.DependencyInjection": "9.0.1",
          "Microsoft.Extensions.Logging": "9.0.1",
          "Microsoft.Extensions.Logging.Console": "9.0.1",
          "Newtonsoft.Json": "13.0.3"
        }
      },
      "Amazon.Lambda.Core": {
        "type": "Transitive",
        "resolved": "2.8.1",
        "contentHash": "wLrBdUXY1jn12o3+sar5c5ApMJPGEMye+1rnyDjwCKA2rcPNMZbNsKLQ76bV+DGnx5CN8bArB26SKB/rEuxIxQ=="
      },
      "Amazon.Lambda.Serialization.SystemTextJson": {
        "type": "Transitive",
        "resolved": "2.4.5",
        "contentHash": "5A/uFtcGBbRP7yA2dAaG6H67Sb0HKvzy8tscHj8b4QiYsZ3fFykBdfqcYuLgIlTHJIutz6JzF8gOvlYH9/5s7g==",
        "dependencies": {
          "Amazon.Lambda.Core": "2.8.0"
        }
      },
      "Amazon.Lambda.SQSEvents": {
        "type": "Transitive",
        "resolved": "2.2.1",
        "contentHash": "DnDW50+hggx+mQm7uphftCUJqSk9M68Dv+PVqRVd+f3soxYksFk+9QRZHmjBkh3+yG1JPGUPcPBqxOMGcfcA2w=="
      },
      "Ardalis.SmartEnum": {
        "type": "Transitive",
        "resolved": "8.1.0",
        "contentHash": "+OpcDNwgfwdKEhEwq6U5lrXiBpdA3LxfZR7nTtF6vzbkXc1hKa2Uv/rHduzxwNLYrzOfR/7QUVyjWTliSS7pOA=="
      },
      "Ardalis.SmartEnum.JsonNet": {
        "type": "Transitive",
        "resolved": "8.1.0",
        "contentHash": "NX/cSpNY2yzZBVRLIIaHO0RB0GvLfb+SLqttbGxe8apRbUDSF7IflcCv3RmAW3bGq0/UeWR6x39Re9vOoQ1oZg==",
        "dependencies": {
          "Ardalis.SmartEnum": "8.1.0",
          "Newtonsoft.Json": "13.0.3"
        }
      },
      "AWSSDK.AppConfigData": {
        "type": "Transitive",
        "resolved": "4.0.2.14",
        "contentHash": "0DqTHTHBLDdGpETfc1S3bAkefSCvM4YeUXW7IQUTPrm6aSlZVjbSk3XFuogaHXw4XRO9vlejqWoqoDv55usQEg==",
        "dependencies": {
          "AWSSDK.Core": "[4.0.3.10, 5.0.0)"
        }
      },
      "AWSSDK.Core": {
        "type": "Transitive",
        "resolved": "4.0.3.32",
        "contentHash": "Z+FDac2Sb5dRImj87wVcgsj5PbE34CXDPGFodk11AKTx5B30/NgsnYynZH2NYS/uPZylzcX23NEjGbcMSbqAwQ=="
      },
      "AWSSDK.DynamoDBv2": {
        "type": "Transitive",
        "resolved": "4.0.15",
        "contentHash": "oF7L2hcbRpzlJnib8HHy6TtyGCJRZuwCGJgAxHJfYdZkWFTY2mV/RgxaZDy45Vq4snje6TXD5MN11wd7m9EGxQ==",
        "dependencies": {
          "AWSSDK.Core": "[4.0.3.15, 5.0.0)"
        }
      },
      "AWSSDK.Extensions.NETCore.Setup": {
        "type": "Transitive",
        "resolved": "4.0.3.21",
        "contentHash": "DwL6NanboPZVxPYR5D5s55ezlh2vhs5C6lzEzqFDoI7fOOmiTZtkfLLDzIXaWxrvw10/KFZfEVFqgT1kVO5nWA==",
        "dependencies": {
          "AWSSDK.Core": "4.0.3.10",
          "Microsoft.Extensions.Configuration.Abstractions": "2.0.0",
          "Microsoft.Extensions.DependencyInjection.Abstractions": "8.0.0",
          "Microsoft.Extensions.Logging.Abstractions": "2.0.0"
        }
      },
      "AWSSDK.SimpleSystemsManagement": {
        "type": "Transitive",
        "resolved": "4.0.6.11",
        "contentHash": "fJD4G6RWR0l04N4c74Lg9i8X4LtzYEk7pbsM5em/eLAR1gbY0JL0fy+VHumwvaEMz+KmiYzApTmgYPC7JWKsVg==",
        "dependencies": {
          "AWSSDK.Core": "[4.0.3.10, 5.0.0)"
        }
      },
      "AWSSDK.SQS": {
        "type": "Transitive",
        "resolved": "4.0.2.26",
        "contentHash": "7IXKewM//Hv4rhlRt0I85uImtaSjnjmd+JSwaSwM89iwbhGnSsUvYIUYXIoo9wzuJMcTE8Ggw8yvslHEDxqZLw==",
        "dependencies": {
          "AWSSDK.Core": "[4.0.3.32, 5.0.0)"
        }
      },
      "Destructurama.Attributed": {
        "type": "Transitive",
        "resolved": "3.1.0",
        "contentHash": "WQtdbdLTraFSYl4Peo2YeyKung1SYC8s+HruNsi6o68BybZEd1bq8QPyT/cuwKpO6IPn/gW8F/dEAE+UhMoMWA==",
        "dependencies": {
          "Serilog": "[2.10.0, 4.0.0)"
        }
      },
      "Luci.Orders.SDK": {
        "type": "Transitive",
        "resolved": "8.0.242",
        "contentHash": "dY3k8fELZKK8j3pcvDaulgAh7KG5idMqqQ65LR62fJAHXV1/3B5UYGAjOzHdbw14+N4T3NvHo9Laai3stxB7pQ==",
        "dependencies": {
          "Ardalis.SmartEnum.JsonNet": "8.1.0",
          "Luci.PaymentTokens": "5.0.3",
          "Luci.ProPay.Messages": "1.8.23",
          "RetailSuccess.Extensions": "2.0.1",
          "RetailSuccess.Money": "2.0.1",
          "RetailSuccess.Pagination": "5.0.1",
          "RetailSuccess.PaymentGateway.Propay": "6.0.10",
          "RetailSuccess.SDK.Core": "5.0.3",
          "Wayroo.Common": "1.8.19"
        }
      },
      "Luci.PaymentTokens": {
        "type": "Transitive",
        "resolved": "5.0.3",
        "contentHash": "0+/WKrp6t7uWSNAAbFjpO5ya2HAdocSX05bZCr2ZiiHg+G7dKjbgYnMy+EehSJUvyl/YpcMhWKDKpGRgKwL+LA==",
        "dependencies": {
          "Ardalis.SmartEnum": "2.1.0",
          "Destructurama.Attributed": "3.1.0",
          "Microsoft.Extensions.Configuration.Abstractions": "6.0.0",
          "Microsoft.Extensions.DependencyInjection": "6.0.1",
          "Microsoft.Extensions.Options": "6.0.0",
          "Microsoft.Extensions.Options.ConfigurationExtensions": "6.0.0",
          "Newtonsoft.Json": "13.0.3"
        }
      },
      "Luci.ProPay.Messages": {
        "type": "Transitive",
        "resolved": "1.8.23",
        "contentHash": "mv6cZOyVuudAiQoOqVZ3Kl2eF+2xvKzPbIyaPIYEDGsA5PpVqdVbWCn4Xa0WdRo0yvLeHKpRWlw03F5WHNVG+g==",
        "dependencies": {
          "Newtonsoft.Json": "13.0.3",
          "RetailSuccess.Messaging": "3.1.5"
        }
      },
      "Microsoft.Extensions.Caching.Abstractions": {
        "type": "Transitive",
        "resolved": "6.0.0",
        "contentHash": "bcz5sSFJbganH0+YrfvIjJDIcKNW7TL07C4d1eTmXy/wOt52iz4LVogJb6pazs7W0+74j0YpXFErvp++Aq5Bsw==",
        "dependencies": {
          "Microsoft.Extensions.Primitives": "6.0.0"
        }
      },
      "Microsoft.Extensions.Configuration": {
        "type": "Transitive",
        "resolved": "10.0.7",
        "contentHash": "wZbGh7J8R1vXN525O6d8dlcDTxhRTnd5MyW4LdfP5S0tSnTwTCseYSrq6g0Mxh7W9xn8P/2xPuf0D/m6k2dy2w==",
        "dependencies": {
          "Microsoft.Extensions.Configuration.Abstractions": "10.0.7",
          "Microsoft.Extensions.Primitives": "10.0.7"
        }
      },
      "Microsoft.Extensions.Configuration.Abstractions": {
        "type": "Transitive",
        "resolved": "10.0.7",
        "contentHash": "t56nEgvECcyLPojZIUFWJknQQDAbgfTf9J+QMYJE1YYvVgz69vN6B/AKL8Grvj3Lcnp8kTpNqwmwFhb3YLJmtQ==",
        "dependencies": {
          "Microsoft.Extensions.Primitives": "10.0.7"
        }
      },
      "Microsoft.Extensions.Configuration.Binder": {
        "type": "Transitive",
        "resolved": "9.0.1",
        "contentHash": "w7kAyu1Mm7eParRV6WvGNNwA8flPTub16fwH49h7b/yqJZFTgYxnOVCuiah3G2bgseJMEq4DLjjsyQRvsdzRgA==",
        "dependencies": {
          "Microsoft.Extensions.Configuration.Abstractions": "9.0.1"
        }
      },
      "Microsoft.Extensions.Configuration.EnvironmentVariables": {
        "type": "Transitive",
        "resolved": "10.0.7",
        "contentHash": "TWto3imA+mJMLZI+5sbgLiFFoOFNFkizQYNaC5jTuiHKn3diwm1RN7mWDOEZN9kG2bixw7IvgpvtUG5/teSRzA==",
        "dependencies": {
          "Microsoft.Extensions.Configuration": "10.0.7",
          "Microsoft.Extensions.Configuration.Abstractions": "10.0.7"
        }
      },
      "Microsoft.Extensions.DependencyInjection": {
        "type": "Transitive",
        "resolved": "10.0.7",
        "contentHash": "91F/o3emPV/+xY/ip3s2LqDNF14kjttlVtq0BXgg6p4MnCzeSZxnUJm+t6WRrtD3JdGo88/oX+z7OwK4y8PZuw==",
        "dependencies": {
          "Microsoft.Extensions.DependencyInjection.Abstractions": "10.0.7"
        }
      },
      "Microsoft.Extensions.DependencyInjection.Abstractions": {
        "type": "Transitive",
        "resolved": "10.0.7",
        "contentHash": "Z6mfFEaFcwCfSboxJwOLfu7/31npCY9q70WUamHW/vRQhDvBKOT4Vf9YkZj5J6hLvJpb0oDEYfHunQZj0xxvKw=="
      },
      "Microsoft.Extensions.Http": {
        "type": "Transitive",
        "resolved": "7.0.0",
        "contentHash": "9Pq9f/CvOSz0t9yQa6g1uWpxa2sm13daLFm8EZwy9MaQUjKXWdNUXQwIxwhmba5N83UIqURiPHSNqGK1vfWF2w==",
        "dependencies": {
          "Microsoft.Extensions.DependencyInjection.Abstractions": "7.0.0",
          "Microsoft.Extensions.Logging": "7.0.0",
          "Microsoft.Extensions.Logging.Abstractions": "7.0.0",
          "Microsoft.Extensions.Options": "7.0.0"
        }
      },
      "Microsoft.Extensions.Logging": {
        "type": "Transitive",
        "resolved": "10.0.7",
        "contentHash": "hOeRIQ63GkgiYCB/MIFp+LQs8aXpJXpB55t6Aj37ab7t2/6WeFcPXxYM9hdy/o5tffzwf8mhqzLJP6mjGYCxjw==",
        "dependencies": {
          "Microsoft.Extensions.DependencyInjection": "10.0.7",
          "Microsoft.Extensions.Logging.Abstractions": "10.0.7",
          "Microsoft.Extensions.Options": "10.0.7"
        }
      },
      "Microsoft.Extensions.Logging.Abstractions": {
        "type": "Transitive",
        "resolved": "10.0.7",
        "contentHash": "tIEcQ2gvERrH2KiCjdsVcHGhXt9lIsuDStfOIeZWr7/fP8IXhGiYfx0/80PNI7WPO2IYuFtlZLSlnTS8+/Mchw==",
        "dependencies": {
          "Microsoft.Extensions.DependencyInjection.Abstractions": "10.0.7"
        }
      },
      "Microsoft.Extensions.Logging.Configuration": {
        "type": "Transitive",
        "resolved": "9.0.1",
        "contentHash": "MeZePlyu3/74Wk4FHYSzXijADJUhWa7gxtaphLxhS8zEPWdJuBCrPo0sezdCSZaKCL+cZLSLobrb7xt2zHOxZQ==",
        "dependencies": {
          "Microsoft.Extensions.Configuration": "9.0.1",
          "Microsoft.Extensions.Configuration.Abstractions": "9.0.1",
          "Microsoft.Extensions.Configuration.Binder": "9.0.1",
          "Microsoft.Extensions.DependencyInjection.Abstractions": "9.0.1",
          "Microsoft.Extensions.Logging": "9.0.1",
          "Microsoft.Extensions.Logging.Abstractions": "9.0.1",
          "Microsoft.Extensions.Options": "9.0.1",
          "Microsoft.Extensions.Options.ConfigurationExtensions": "9.0.1"
        }
      },
      "Microsoft.Extensions.Logging.Console": {
        "type": "Transitive",
        "resolved": "9.0.1",
        "contentHash": "YUzguHYlWfp4upfYlpVe3dnY59P25wc+/YLJ9/NQcblT3EvAB1CObQulClll7NtnFbbx4Js0a0UfyS8SbRsWXQ==",
        "dependencies": {
          "Microsoft.Extensions.DependencyInjection.Abstractions": "9.0.1",
          "Microsoft.Extensions.Logging": "9.0.1",
          "Microsoft.Extensions.Logging.Abstractions": "9.0.1",
          "Microsoft.Extensions.Logging.Configuration": "9.0.1",
          "Microsoft.Extensions.Options": "9.0.1"
        }
      },
      "Microsoft.Extensions.Options": {
        "type": "Transitive",
        "resolved": "10.0.7",
        "contentHash": "00SHUGTh2jSMvIr6x9Xwd2nE+B5/qFCO/9hDwUDhJsjYRDlADmaBZ7tqehXzBDsfjHSXJzuRHJzPYPPjphBQ7Q==",
        "dependencies": {
          "Microsoft.Extensions.DependencyInjection.Abstractions": "10.0.7",
          "Microsoft.Extensions.Primitives": "10.0.7"
        }
      },
      "Microsoft.Extensions.Options.ConfigurationExtensions": {
        "type": "Transitive",
        "resolved": "9.0.1",
        "contentHash": "8RRKWtuU4fR+8MQLR/8CqZwZ9yc2xCpllw/WPRY7kskIqEq0hMcEI4AfUJO72yGiK2QJkrsDcUvgB5Yc+3+lyg==",
        "dependencies": {
          "Microsoft.Extensions.Configuration.Abstractions": "9.0.1",
          "Microsoft.Extensions.Configuration.Binder": "9.0.1",
          "Microsoft.Extensions.DependencyInjection.Abstractions": "9.0.1",
          "Microsoft.Extensions.Options": "9.0.1",
          "Microsoft.Extensions.Primitives": "9.0.1"
        }
      },
      "Microsoft.Extensions.Options.DataAnnotations": {
        "type": "Transitive",
        "resolved": "6.0.0",
        "contentHash": "Fvs4plZYQT/iF/JsYwP/pppQRvQC211enBjCoIu/355M+aunlzSyzN/n3wPibyY76794MFLkLVT47JCBc3porg==",
        "dependencies": {
          "Microsoft.Extensions.DependencyInjection.Abstractions": "6.0.0",
          "Microsoft.Extensions.Options": "6.0.0",
          "System.ComponentModel.Annotations": "5.0.0"
        }
      },
      "Microsoft.Extensions.Primitives": {
        "type": "Transitive",
        "resolved": "10.0.7",
        "contentHash": "D5M0Jr551iTgwkZMN9rm0pSkgNLj5quUWQUmQPMZh7k/bnvZTnXRGfE2KuvXf1EEjt/ofD9yw9IumpgdP9QCnw=="
      },
      "Microsoft.IdentityModel.Abstractions": {
        "type": "Transitive",
        "resolved": "6.31.0",
        "contentHash": "SBa2DGEZpMThT3ki6lOK5SwH+fotHddNBKH+pfqrlINnl999BreRS9G0QiLruwfmcTDnFr8xwmNjoGnPQqfZwg=="
      },
      "Microsoft.IdentityModel.JsonWebTokens": {
        "type": "Transitive",
        "resolved": "6.31.0",
        "contentHash": "r0f4clrrlFApwSf2GRpS5X8hL54h1WUlZdq9ZoOy+cJOOqtNhhdfkfkqwxsTGCH/Ae7glOWNxykZzyRXpwcXVQ==",
        "dependencies": {
          "Microsoft.IdentityModel.Tokens": "6.31.0"
        }
      },
      "Microsoft.IdentityModel.Logging": {
        "type": "Transitive",
        "resolved": "6.31.0",
        "contentHash": "YzW5O27nTXxNgNKm+Pud7hXjUlDa2JshtRG+WftQvQIsBUpFA/WjhxG2uO8YanfXbb/IT9r8Cu/VdYkvZ3+9/g==",
        "dependencies": {
          "Microsoft.IdentityModel.Abstractions": "6.31.0"
        }
      },
      "Microsoft.IdentityModel.Tokens": {
        "type": "Transitive",
        "resolved": "6.31.0",
        "contentHash": "Q1Ej/OAiqi5b/eB8Ozo5FnQ6vlxjgiomnWWenDi2k7+XqhkA2d5TotGtNXpWcWiGmrotNA/o8p51YesnziA0Sw==",
        "dependencies": {
          "Microsoft.IdentityModel.Logging": "6.31.0"
        }
      },
      "Newtonsoft.Json": {
        "type": "Transitive",
        "resolved": "13.0.3",
        "contentHash": "HrC5BXdl00IP9zeV+0Z848QWPAoCr9P3bDEZguI+gkLcBKAOxix/tLEAAHC+UvDNPv4a2d18lOReHMOagPa+zQ=="
      },
      "Refit": {
        "type": "Transitive",
        "resolved": "7.0.0",
        "contentHash": "MeOXucNjebiLiOM+hM4niN2cWLlwaQWNCGZs0LDUEoCVwOtV/IWOMOqlAbUeb8Y0/iOgMai2g6Gz9M/d6V7gtA=="
      },
      "Refit.HttpClientFactory": {
        "type": "Transitive",
        "resolved": "7.0.0",
        "contentHash": "27zuHqcN2BJbNqGF0OlUAPEKNnPFibJVHsS5XnViS2Brw1ceCbzYsDqP19dlgWCb/sLGFxSpRWhkCimOo8jljw==",
        "dependencies": {
          "Microsoft.Extensions.Http": "7.0.0",
          "Refit": "7.0.0"
        }
      },
      "Refit.Newtonsoft.Json": {
        "type": "Transitive",
        "resolved": "7.0.0",
        "contentHash": "wyF5v8palQYkbkRn/cDSAvDulZjY5kL2XQUD76nSbcAwqUnMaRRuEPJt3njR0+dPoABuV8RYqSvYDce8+enJ2g==",
        "dependencies": {
          "Newtonsoft.Json": "13.0.3",
          "Refit": "7.0.0"
        }
      },
      "RetailSuccess.Caching": {
        "type": "Transitive",
        "resolved": "3.0.1",
        "contentHash": "fqYhVXOd2mtpKlCq8R4YGaklWSW9a+e6RDySAfbguj+HkBhRvtzt8P/kUgGh7uuTIYWMx/V93Ee1llRX3HZ3qw==",
        "dependencies": {
          "Microsoft.Extensions.Caching.Abstractions": "6.0.0",
          "Microsoft.Extensions.DependencyInjection.Abstractions": "6.0.0",
          "Microsoft.Extensions.Options": "6.0.0"
        }
      },
      "RetailSuccess.Extensions": {
        "type": "Transitive",
        "resolved": "2.0.1",
        "contentHash": "o1oPl5r7Ywzkg7V/+/3pgbD1p/b5PemfVk23PTAqGnnQuN6yUz2sCqJ4Tt7oku1sD4AiU6804lT0elo6peNCrg=="
      },
      "RetailSuccess.Extensions.Configuration": {
        "type": "Transitive",
        "resolved": "2.0.0",
        "contentHash": "XHvQIWHkT7sGJM/GTRTZNbwTWqTBxdubjHvdKGnofbxfJ/JXwDm3X1Jid6AOglHa+Ur29dYlpUpYc9OPVsTaSA==",
        "dependencies": {
          "Microsoft.Extensions.Configuration.Abstractions": "3.1.0",
          "Microsoft.Extensions.Configuration.Binder": "3.1.0"
        }
      },
      "RetailSuccess.Messaging": {
        "type": "Transitive",
        "resolved": "3.1.5",
        "contentHash": "mQ1UEcS1aSn7Zh802RpQDU+zUPZqObgMhBdR9UgfriuzK91pQqpg+MThPmBDTEkiRjorOSkv+JFJI9Fui6hGhQ==",
        "dependencies": {
          "Microsoft.Extensions.Logging": "6.0.0",
          "Microsoft.Extensions.Options.ConfigurationExtensions": "6.0.0",
          "Microsoft.Extensions.Options.DataAnnotations": "6.0.0",
          "Wayroo.Common": "1.8.7"
        }
      },
      "RetailSuccess.Money": {
        "type": "Transitive",
        "resolved": "2.0.1",
        "contentHash": "gB9px+S4NjDIMCrDdW4QVUp90NMCwBZKHhVbNTkh34fNeZVqKyaqsjdZwN/GCfUSLRTZyK9sBwzY46E8BrOuxg=="
      },
      "RetailSuccess.Pagination": {
        "type": "Transitive",
        "resolved": "5.0.1",
        "contentHash": "tqikA0Q1+QGUU7wlvccR63y1f+NQSoNTXbDYPo24QTQDR+pXeFb/0GtMZeXDWneIlcn0CKCUtPz76xDiirvWRw=="
      },
      "RetailSuccess.PaymentGateway.Propay": {
        "type": "Transitive",
        "resolved": "6.0.10",
        "contentHash": "rcxTgwSb34KOCrxKEG3a/W+pVjvLruufPrHWGT2tft3HzNGE9hMjrsxIh8zShA5IoXAJLfL1/T2/ioV61M2Tlw==",
        "dependencies": {
          "Destructurama.Attributed": "3.0.0",
          "Microsoft.Extensions.DependencyInjection.Abstractions": "6.0.0",
          "Microsoft.Extensions.Http": "6.0.1",
          "Microsoft.Extensions.Options": "6.0.1",
          "Microsoft.Extensions.Options.ConfigurationExtensions": "6.0.1",
          "Newtonsoft.Json": "13.0.3",
          "RetailSuccess.Extensions.Configuration": "2.0.0"
        }
      },
      "RetailSuccess.SDK.Core": {
        "type": "Transitive",
        "resolved": "5.0.3",
        "contentHash": "66i5BTROl9D2LpRj00aU6eG9EaLBbpSPfQe2uTWM61LfgybtW/tORGRTQ9v+HQ40OD7W+JyM4JSTm5xY8hf/Qg==",
        "dependencies": {
          "Refit.HttpClientFactory": "7.0.0",
          "Refit.Newtonsoft.Json": "7.0.0",
          "RetailSuccess.Caching": "3.0.1",
          "System.IdentityModel.Tokens.Jwt": "6.31.0"
        }
      },
      "Serilog": {
        "type": "Transitive",
        "resolved": "3.1.1",
        "contentHash": "P6G4/4Kt9bT635bhuwdXlJ2SCqqn2nhh4gqFqQueCOr9bK/e7W9ll/IoX1Ter948cV2Z/5+5v8pAfJYUISY03A=="
      },
      "Serilog.Extensions.Logging": {
        "type": "Transitive",
        "resolved": "7.0.0",
        "contentHash": "9faU0zNQqU7I6soVhLUMYaGNpgWv6cKlKb2S5AnS8gXxzW/em5Ladm/6FMrWTnX41cdbdGPOWNAo6adi4WaJ6A==",
        "dependencies": {
          "Microsoft.Extensions.Logging": "7.0.0",
          "Serilog": "2.12.0"
        }
      },
      "Serilog.Sinks.Console": {
        "type": "Transitive",
        "resolved": "4.1.0",
        "contentHash": "K6N5q+5fetjnJPvCmkWOpJ/V8IEIoMIB1s86OzBrbxwTyHxdx3pmz4H+8+O/Dc/ftUX12DM1aynx/dDowkwzqg==",
        "dependencies": {
          "Serilog": "2.10.0"
        }
      },
      "System.ComponentModel.Annotations": {
        "type": "Transitive",
        "resolved": "5.0.0",
        "contentHash": "dMkqfy2el8A8/I76n2Hi1oBFEbG1SfxD2l5nhwXV3XjlnOmwxJlQbYpJH4W51odnU9sARCSAgv7S3CyAFMkpYg=="
      },
      "System.IdentityModel.Tokens.Jwt": {
        "type": "Transitive",
        "resolved": "6.31.0",
        "contentHash": "OTlLhhNHODxZvqst0ku8VbIdYNKi25SyM6/VdbpNUe6aItaecVRPtURGvpcQpzltr9H0wy+ycAqBqLUI4SBtaQ==",
        "dependencies": {
          "Microsoft.IdentityModel.JsonWebTokens": "6.31.0",
          "Microsoft.IdentityModel.Tokens": "6.31.0"
        }
      },
      "Wayroo.Common": {
        "type": "Transitive",
        "resolved": "1.8.21",
        "contentHash": "X20GP/x6fWuFfhDRdX6JWgTGmq+3jS3cnmJ3cWcQ1ocVbdDSMTJGs9dYxjGqZD/gnjcYsvLDjI2PqiR0yVjexw==",
        "dependencies": {
          "Destructurama.Attributed": "3.1.0",
          "Newtonsoft.Json": "13.0.3"
        }
      },
      "wayroo.payments.configurationrecorder.lambda": {
        "type": "Project",
        "dependencies": {
          "AWSSDK.SQS": "[4.0.2.26, )",
          "Amazon.Extensions.Configuration.SystemsManager": "[7.1.0, )",
          "Amazon.Lambda.Core": "[2.8.1, )",
          "Amazon.Lambda.SQSEvents": "[2.2.1, )",
          "Amazon.Lambda.Serialization.SystemTextJson": "[2.4.5, )",
          "Luci.Orders.SDK": "[8.0.242, )",
          "Microsoft.Extensions.Configuration": "[10.0.7, )",
          "Microsoft.Extensions.Configuration.EnvironmentVariables": "[10.0.7, )",
          "Microsoft.Extensions.DependencyInjection": "[10.0.7, )",
          "Microsoft.Extensions.Logging": "[10.0.7, )",
          "Serilog": "[3.1.1, )",
          "Serilog.Extensions.Logging": "[7.0.0, )",
          "Serilog.Sinks.Console": "[4.1.0, )",
          "Wayroo.Common": "[1.8.21, )",
          "Wayroo.Payments.DataAccess": "[1.0.0, )",
          "Wayroo.Payments.Models": "[1.0.0, )"
        }
      },
      "wayroo.payments.dataaccess": {
        "type": "Project",
        "dependencies": {
          "AWSSDK.DynamoDBv2": "[4.0.15, )",
          "Microsoft.Extensions.Configuration.Abstractions": "[10.0.7, )",
          "Microsoft.Extensions.DependencyInjection.Abstractions": "[10.0.7, )",
          "Microsoft.Extensions.Logging.Abstractions": "[10.0.7, )",
          "Wayroo.Payments.Models": "[1.0.0, )"
        }
      },
      "wayroo.payments.models": {
        "type": "Project"
      }
    }
  }
}